github.com/aws/aws-sdk-go v1.28.10 h1:uPaHYQWRXgI9ZrGrM6rkrHxkJOmI9orcvsTRhJXwX4I=
github.com/aws/aws-sdk-go v1.28.10/go.mod h1:KmX6BPdI08NWTb3/sm4ZGu5ShLoqVDhKgpiN924inxo=
github.com/jmespath/go-jmespath v0.0.0-20180206201540-c2b33e8439af h1:pmfjZENx5imkbgOkpRUYLnmbU7UEFbjtDA2hxJ1ichM=
github.com/jmespath/go-jmespath v0.0.0-20180206201540-c2b33e8439af/go.mod h1:Nht3zPeWKUH0NzdCt2Blrr5ys8VGpn0CEB0cQHVjt7k=
github.com/mxk/go-flowrate v0.0.0-20140419014527-cca7078d478f h1:y5//uYreIhSUg3J1GEMiLbxo1LJaP8RfCpH6pymGZus=
github.com/mxk/go-flowrate v0.0.0-20140419014527-cca7078d478f/go.mod h1:ZdcZmHo+o7JKHSa8/e818NopupXU1YMK5fe1lsApnBw=
github.com/rssh-jp/go-bandwidth v1.0.0 h1:GmVfI6g/FRFSVs2p7JdDSZmn17pN9WEIw+jmSemBkuY=
github.com/rssh-jp/go-bandwidth v1.0.0/go.mod h1:nO+Ct/BPJt9IkwsnvNby/SqfStxwgrtNoBUxL2FSd4Q=
